{
  "name": "opm-website",
  "lockfileVersion": 3,
  "requires": true,
  "packages": {
    "": {
      "dependencies": {
        "maplibre-gl-layer": "^0.2.2"
      }
    },
    "node_modules/maplibre-gl-layer": {
      "version": "0.2.2",
      "resolved": "https://registry.npmjs.org/maplibre-gl-layer/-/maplibre-gl-layer-0.2.2.tgz",
      "integrity": "sha512-iydRsspicubec5RcE8ccx+4iuXQasS/HV0AfSzxUn2u8YJcwgA0PpABvVDAi1qNpRo2j0Ts0wUNXWpWKAMAsIw=="
    }
  }
}
